
Microsoft Visual Studio Solution File, Format Version 12.00
# Visual Studio 2013
VisualStudioVersion = 12.0.30723.0
MinimumVisualStudioVersion = 10.0.40219.1
Project("{FAE04EC0-301F-11D3-BF4B-00C04F79EFBC}") = "NeuroNet", "NeuroNet\NeuroNet.csproj", "{E81C5A8B-C2EC-4055-9F58-A311EF0B7306}"
EndProject
Project("{FAE04EC0-301F-11D3-BF4B-00C04F79EFBC}") = "NeuralNetTest", "NeuralNetTest\NeuralNetTest.csproj", "{05373D28-1910-445A-A248-B94129B86EC5}"
EndProject
Project("{FAE04EC0-301F-11D3-BF4B-00C04F79EFBC}") = "UIApplication", "TestApplication\UIApplication.csproj", "{F67A2299-0476-43C5-81F3-4FD8A8476651}"
EndProject
Global
	GlobalSection(SolutionConfigurationPlatforms) = preSolution
		Debug|Any CPU = Debug|Any CPU
		Release|Any CPU = Release|Any CPU
	EndGlobalSection
	GlobalSection(ProjectConfigurationPlatforms) = postSolution
		{E81C5A8B-C2EC-4055-9F58-A311EF0B7306}.Debug|Any CPU.ActiveCfg = Debug|Any CPU
		{E81C5A8B-C2EC-4055-9F58-A311EF0B7306}.Debug|Any CPU.Build.0 = Debug|Any CPU
		{E81C5A8B-C2EC-4055-9F58-A311EF0B7306}.Release|Any CPU.ActiveCfg = Release|Any CPU
		{E81C5A8B-C2EC-4055-9F58-A311EF0B7306}.Release|Any CPU.Build.0 = Release|Any CPU
		{05373D28-1910-445A-A248-B94129B86EC5}.Debug|Any CPU.ActiveCfg = Debug|Any CPU
		{05373D28-1910-445A-A248-B94129B86EC5}.Debug|Any CPU.Build.0 = Debug|Any CPU
		{05373D28-1910-445A-A248-B94129B86EC5}.Release|Any CPU.ActiveCfg = Release|Any CPU
		{05373D28-1910-445A-A248-B94129B86EC5}.Release|Any CPU.Build.0 = Release|Any CPU
		{F67A2299-0476-43C5-81F3-4FD8A8476651}.Debug|Any CPU.ActiveCfg = Debug|Any CPU
		{F67A2299-0476-43C5-81F3-4FD8A8476651}.Debug|Any CPU.Build.0 = Debug|Any CPU
		{F67A2299-0476-43C5-81F3-4FD8A8476651}.Release|Any CPU.ActiveCfg = Release|Any CPU
		{F67A2299-0476-43C5-81F3-4FD8A8476651}.Release|Any CPU.Build.0 = Release|Any CPU
	EndGlobalSection
	GlobalSection(SolutionProperties) = preSolution
		HideSolutionNode = FALSE
	EndGlobalSection
EndGlobal
